
Microsoft Visual Studio Solution File, Format Version 12.00
# Visual Studio Version 16
VisualStudioVersion = 16.0.29025.244
MinimumVisualStudioVersion = 10.0.40219.1
Project("{FAE04EC0-301F-11D3-BF4B-00C04F79EFBC}") = "SystemSCADA", "SystemSCADA\SystemSCADA.csproj", "{4D64BF9B-F5F4-4616-82EF-2FD8F5386070}"
EndProject
Global
	GlobalSection(SolutionConfigurationPlatforms) = preSolution
		Debug|Any CPU = Debug|Any CPU
		Release|Any CPU = Release|Any CPU
	EndGlobalSection
	GlobalSection(ProjectConfigurationPlatforms) = postSolution
		{4D64BF9B-F5F4-4616-82EF-2FD8F5386070}.Debug|Any CPU.ActiveCfg = Debug|Any CPU
		{4D64BF9B-F5F4-4616-82EF-2FD8F5386070}.Debug|Any CPU.Build.0 = Debug|Any CPU
		{4D64BF9B-F5F4-4616-82EF-2FD8F5386070}.Release|Any CPU.ActiveCfg = Release|Any CPU
		{4D64BF9B-F5F4-4616-82EF-2FD8F5386070}.Release|Any CPU.Build.0 = Release|Any CPU
	EndGlobalSection
	GlobalSection(SolutionProperties) = preSolution
		HideSolutionNode = FALSE
	EndGlobalSection
	GlobalSection(ExtensibilityGlobals) = postSolution
		SolutionGuid = {1A4FA985-F7B4-4CA7-B78E-90110F8EDF4C}
	EndGlobalSection
EndGlobal
